
Microsoft Visual Studio Solution File, Format Version 12.00
# Visual Studio 2012
Project("{FAE04EC0-301F-11D3-BF4B-00C04F79EFBC}") = "Sheets", "Sheets\Sheets.csproj", "{96D0AF76-4A9A-4EFA-B583-BB0671D30F5C}"
EndProject
Project("{FAE04EC0-301F-11D3-BF4B-00C04F79EFBC}") = "Math Expression", "Math Expression\Math Expression.csproj", "{CAFFF763-6B89-42B6-B1D9-BAC0D1D8EA08}"
EndProject
Project("{FAE04EC0-301F-11D3-BF4B-00C04F79EFBC}") = "Least Majority Multiple", "Least Majority Multiple\Least Majority Multiple.csproj", "{79FABDB3-1D02-4AA6-B4EA-7CF6EAB7E38C}"
EndProject
Project("{FAE04EC0-301F-11D3-BF4B-00C04F79EFBC}") = "Trapezoid", "Trapezoid\Trapezoid.csproj", "{0623984D-DC25-48F0-A0EC-31FA551AD077}"
EndProject
Project("{FAE04EC0-301F-11D3-BF4B-00C04F79EFBC}") = "Fall Down", "Odd Number\Fall Down.csproj", "{E881EDA0-02E7-43FB-9C86-8E6B657592D8}"
EndProject
Project("{FAE04EC0-301F-11D3-BF4B-00C04F79EFBC}") = "SandGlass", "SandGlass\SandGlass.csproj", "{E9225297-28D1-4884-A518-A0818C10B743}"
EndProject
Project("{FAE04EC0-301F-11D3-BF4B-00C04F79EFBC}") = "Binary Digits Count", "Binary Digits Count\Binary Digits Count.csproj", "{B2A60B7C-D70D-4C84-83F1-B1B092FAC753}"
EndProject
Project("{FAE04EC0-301F-11D3-BF4B-00C04F79EFBC}") = "UK Flag", "UK Flag\UK Flag.csproj", "{CA9D2816-4496-4763-91E1-1F7413C9A64C}"
EndProject
Project("{FAE04EC0-301F-11D3-BF4B-00C04F79EFBC}") = "UK Flag V2", "UK_Flag_V2\UK Flag V2.csproj", "{70F13B4D-7FF4-4E35-9C3E-03E3D7501D36}"
EndProject
Project("{FAE04EC0-301F-11D3-BF4B-00C04F79EFBC}") = "UK Flag V3", "UK Flag V3\UK Flag V3.csproj", "{B8ACBF8F-A170-4137-B2FB-9B099686F6D3}"
EndProject
Project("{FAE04EC0-301F-11D3-BF4B-00C04F79EFBC}") = "Nightmare on Code Street", "Nightmare on Code Street\Nightmare on Code Street.csproj", "{78D89182-BC38-4E0C-8A34-7B67F1739B12}"
EndProject
Project("{FAE04EC0-301F-11D3-BF4B-00C04F79EFBC}") = "Kaspichania Boats", "Kaspichania Boats\Kaspichania Boats.csproj", "{AC9C52AF-90EA-4407-8B77-FDFB7C984B49}"
EndProject
Project("{FAE04EC0-301F-11D3-BF4B-00C04F79EFBC}") = "TEST", "TEST\TEST.csproj", "{8B198134-E989-479B-88AB-A1EB39D11400}"
EndProject
Project("{FAE04EC0-301F-11D3-BF4B-00C04F79EFBC}") = "Kaspichania_Boats2", "Kaspichania_Boats\Kaspichania_Boats2.csproj", "{439677C4-24B8-4508-A89D-8612D64520EF}"
EndProject
Project("{FAE04EC0-301F-11D3-BF4B-00C04F79EFBC}") = "2-4-8", "2-4-8\2-4-8.csproj", "{2AAD96A2-CDD5-4609-8032-929D0044BB58}"
EndProject
Project("{FAE04EC0-301F-11D3-BF4B-00C04F79EFBC}") = "BatGoiko Tower", "BatGoiko Tower\BatGoiko Tower.csproj", "{EA4474AD-AE4D-43CF-8889-74FDB6223726}"
EndProject
Project("{FAE04EC0-301F-11D3-BF4B-00C04F79EFBC}") = "Dancing Bits", "Dancing Bits\Dancing Bits.csproj", "{17073444-3E90-4BE8-8471-6E2A8AC4CD24}"
EndProject
Project("{FAE04EC0-301F-11D3-BF4B-00C04F79EFBC}") = "TESTShiftinBits", "TESTShiftinBits\TESTShiftinBits.csproj", "{3DFF4888-CE4E-4C14-8A2F-7135770CCC27}"
EndProject
Project("{FAE04EC0-301F-11D3-BF4B-00C04F79EFBC}") = "Fir Tree", "Fir Tree\Fir Tree.csproj", "{79A82DC6-33F8-408F-88BD-D51B8119B476}"
EndProject
Project("{FAE04EC0-301F-11D3-BF4B-00C04F79EFBC}") = "Fire in the Matrix", "Fire in the Matrix\Fire in the Matrix.csproj", "{D74D4EC9-DA6A-455F-8DEA-0E5B19BC3C0B}"
EndProject
Project("{FAE04EC0-301F-11D3-BF4B-00C04F79EFBC}") = "Poker", "Покер\Poker.csproj", "{C302714A-4806-494C-ADE8-3B14C484CED7}"
EndProject
Project("{FAE04EC0-301F-11D3-BF4B-00C04F79EFBC}") = "RotatingNumbers", "Drunken Numbers\RotatingNumbers.csproj", "{373B18F6-FC22-4EA1-90BE-FAFCA07A287D}"
EndProject
Project("{FAE04EC0-301F-11D3-BF4B-00C04F79EFBC}") = "Diamond Trolls", "Diamond Trolls\Diamond Trolls.csproj", "{AC12B8FB-BD74-4DF4-A3F3-1BE7B246E9FF}"
EndProject
Project("{FAE04EC0-301F-11D3-BF4B-00C04F79EFBC}") = "FrenchRow", "FrenchRow\FrenchRow.csproj", "{4156ED0B-7282-4C7A-A8CA-ACE4205966D8}"
EndProject
Project("{FAE04EC0-301F-11D3-BF4B-00C04F79EFBC}") = "SandGlass2", "SandGlass2\SandGlass2.csproj", "{C7B1E50D-36E7-424C-B8B3-48CD2B67493E}"
EndProject
Project("{FAE04EC0-301F-11D3-BF4B-00C04F79EFBC}") = "InvertAlgoritam", "InvertAlgoritam\InvertAlgoritam.csproj", "{52170126-801C-43C4-A2BE-D015D41BB54A}"
EndProject
Project("{FAE04EC0-301F-11D3-BF4B-00C04F79EFBC}") = "Pillars", "Pillars\Pillars.csproj", "{7840893F-6FC3-476C-867C-8FBBE7FCF402}"
EndProject
Project("{FAE04EC0-301F-11D3-BF4B-00C04F79EFBC}") = "Bulls and Cows", "Bulls and Cows\Bulls and Cows.csproj", "{1DF00A48-C091-48B1-8B13-00C0C08EECCC}"
EndProject
Project("{FAE04EC0-301F-11D3-BF4B-00C04F79EFBC}") = "ConsoleIJ", "ConsoleIJ\ConsoleIJ.csproj", "{32BEBEA7-F28C-41A6-B13D-E7449592DF7B}"
EndProject
Project("{FAE04EC0-301F-11D3-BF4B-00C04F79EFBC}") = "subs", "subs\subs.csproj", "{10EFD24A-EFF1-403C-A1FF-E001EF3EDABF}"
EndProject
Project("{FAE04EC0-301F-11D3-BF4B-00C04F79EFBC}") = "Bulls and Cows1", "Bulls and Cows1\Bulls and Cows1.csproj", "{D562E194-E686-46CD-A478-CD3171781220}"
EndProject
Project("{FAE04EC0-301F-11D3-BF4B-00C04F79EFBC}") = "BC", "BC\BC.csproj", "{200E6B77-27FC-400C-B7F2-28DCE12A9DFC}"
EndProject
Project("{FAE04EC0-301F-11D3-BF4B-00C04F79EFBC}") = "perimetrandarea", "perimetrandarea\perimetrandarea.csproj", "{3BDB92D8-CE54-4926-869F-C0C30F928ED7}"
EndProject
Project("{FAE04EC0-301F-11D3-BF4B-00C04F79EFBC}") = "ConsoleIJ2", "ConsoleIJ2\ConsoleIJ2.csproj", "{FEDA836B-01BA-4FD7-96F8-C0AA62A9EEBD}"
EndProject
Project("{FAE04EC0-301F-11D3-BF4B-00C04F79EFBC}") = "Garden", "Garden\Garden.csproj", "{F46845D2-C9FA-438B-8BDE-BA4BB13A677E}"
EndProject
Project("{FAE04EC0-301F-11D3-BF4B-00C04F79EFBC}") = "The Secrets of Numbers", "The Secrets of Numbers\The Secrets of Numbers.csproj", "{4DA9ADAC-EE5F-4241-8C14-CCC7965943AB}"
EndProject
Project("{FAE04EC0-301F-11D3-BF4B-00C04F79EFBC}") = "Coffee Vending Machine", "Coffee Vending Machine\Coffee Vending Machine.csproj", "{123ED767-13A8-4390-97BB-96E2BE4DD49F}"
EndProject
Project("{FAE04EC0-301F-11D3-BF4B-00C04F79EFBC}") = "Next Date", "Next Date\Next Date.csproj", "{16E96393-1E97-4A9D-8EEE-DF838794018F}"
EndProject
Project("{FAE04EC0-301F-11D3-BF4B-00C04F79EFBC}") = "Sevenland Numbers", "Sevenland Numbers\Sevenland Numbers.csproj", "{E5A14D30-5E8C-4605-8B33-EBAD09174AE2}"
EndProject
Project("{FAE04EC0-301F-11D3-BF4B-00C04F79EFBC}") = "Odd Number1", "Odd Number1\Odd Number1.csproj", "{F2BC91B9-ED1E-4F62-A586-EC049343A1B1}"
EndProject
Project("{FAE04EC0-301F-11D3-BF4B-00C04F79EFBC}") = "Astrological Digits", "Astrological Digits\Astrological Digits.csproj", "{58F4AF3D-A7AA-4E00-A9EC-204B1D9BB6DF}"
EndProject
Project("{FAE04EC0-301F-11D3-BF4B-00C04F79EFBC}") = "Lines", "Lines\Lines.csproj", "{114AD9F4-6A7D-420C-A6A6-5F01F1CCD534}"
EndProject
Project("{FAE04EC0-301F-11D3-BF4B-00C04F79EFBC}") = "FormulaBit", "FormulaBit\FormulaBit.csproj", "{B8BE1893-355E-4FAB-A16E-9A1C73BE0B3E}"
EndProject
Project("{FAE04EC0-301F-11D3-BF4B-00C04F79EFBC}") = "FormulaBit1", "FormulaBit1\FormulaBit1.csproj", "{52437234-8B3D-42B1-8654-5485313AF0DE}"
EndProject
Project("{FAE04EC0-301F-11D3-BF4B-00C04F79EFBC}") = "Peace of Cake", "Peace of Cake\Peace of Cake.csproj", "{552B483F-49FD-4D01-8471-7C826A2B63DF}"
EndProject
Project("{FAE04EC0-301F-11D3-BF4B-00C04F79EFBC}") = "Angry Female GPS", "Angry Female GPS\Angry Female GPS.csproj", "{0D9815DA-20DC-4B44-B879-FDE5DD45835F}"
EndProject
Project("{FAE04EC0-301F-11D3-BF4B-00C04F79EFBC}") = "Ones and Zeros", "Ones and Zeros\Ones and Zeros.csproj", "{0366E1A5-3764-4FE7-977D-4C989D9437AE}"
EndProject
Project("{FAE04EC0-301F-11D3-BF4B-00C04F79EFBC}") = "Eggcelent", "Eggcelent\Eggcelent.csproj", "{81B8E071-C6EA-4037-A5FC-BB41A25756C4}"
EndProject
Project("{FAE04EC0-301F-11D3-BF4B-00C04F79EFBC}") = "SmetalotoNaBaba", "SmetalotoNaBaba\SmetalotoNaBaba.csproj", "{5F126E37-C28A-4640-B0C5-AF5BD90A2232}"
EndProject
Project("{FAE04EC0-301F-11D3-BF4B-00C04F79EFBC}") = "Anacci", "Anacci\Anacci.csproj", "{2003F5C0-9D70-420B-8036-D326C9716068}"
EndProject
Project("{FAE04EC0-301F-11D3-BF4B-00C04F79EFBC}") = "TEST2", "TEST2\TEST2.csproj", "{383F3F8C-F4CD-41D4-B9B4-98C3E6ED39B3}"
EndProject
Project("{FAE04EC0-301F-11D3-BF4B-00C04F79EFBC}") = "Na Baba mi Smetalnika", "Na Baba mi Smetalnika\Na Baba mi Smetalnika.csproj", "{BA19F8DF-6D30-4F38-80C2-59B7F060199A}"
EndProject
Project("{FAE04EC0-301F-11D3-BF4B-00C04F79EFBC}") = "Anacci2", "Anacci2\Anacci2.csproj", "{F4B5C3C2-01AB-4BF9-AEA1-14AD448F3779}"
EndProject
Global
	GlobalSection(SolutionConfigurationPlatforms) = preSolution
		Debug|Any CPU = Debug|Any CPU
		Release|Any CPU = Release|Any CPU
	EndGlobalSection
	GlobalSection(ProjectConfigurationPlatforms) = postSolution
		{96D0AF76-4A9A-4EFA-B583-BB0671D30F5C}.Debug|Any CPU.ActiveCfg = Debug|Any CPU
		{96D0AF76-4A9A-4EFA-B583-BB0671D30F5C}.Debug|Any CPU.Build.0 = Debug|Any CPU
		{96D0AF76-4A9A-4EFA-B583-BB0671D30F5C}.Release|Any CPU.ActiveCfg = Release|Any CPU
		{96D0AF76-4A9A-4EFA-B583-BB0671D30F5C}.Release|Any CPU.Build.0 = Release|Any CPU
		{CAFFF763-6B89-42B6-B1D9-BAC0D1D8EA08}.Debug|Any CPU.ActiveCfg = Debug|Any CPU
		{CAFFF763-6B89-42B6-B1D9-BAC0D1D8EA08}.Debug|Any CPU.Build.0 = Debug|Any CPU
		{CAFFF763-6B89-42B6-B1D9-BAC0D1D8EA08}.Release|Any CPU.ActiveCfg = Release|Any CPU
		{CAFFF763-6B89-42B6-B1D9-BAC0D1D8EA08}.Release|Any CPU.Build.0 = Release|Any CPU
		{79FABDB3-1D02-4AA6-B4EA-7CF6EAB7E38C}.Debug|Any CPU.ActiveCfg = Debug|Any CPU
		{79FABDB3-1D02-4AA6-B4EA-7CF6EAB7E38C}.Debug|Any CPU.Build.0 = Debug|Any CPU
		{79FABDB3-1D02-4AA6-B4EA-7CF6EAB7E38C}.Release|Any CPU.ActiveCfg = Release|Any CPU
		{79FABDB3-1D02-4AA6-B4EA-7CF6EAB7E38C}.Release|Any CPU.Build.0 = Release|Any CPU
		{0623984D-DC25-48F0-A0EC-31FA551AD077}.Debug|Any CPU.ActiveCfg = Debug|Any CPU
		{0623984D-DC25-48F0-A0EC-31FA551AD077}.Debug|Any CPU.Build.0 = Debug|Any CPU
		{0623984D-DC25-48F0-A0EC-31FA551AD077}.Release|Any CPU.ActiveCfg = Release|Any CPU
		{0623984D-DC25-48F0-A0EC-31FA551AD077}.Release|Any CPU.Build.0 = Release|Any CPU
		{E881EDA0-02E7-43FB-9C86-8E6B657592D8}.Debug|Any CPU.ActiveCfg = Debug|Any CPU
		{E881EDA0-02E7-43FB-9C86-8E6B657592D8}.Debug|Any CPU.Build.0 = Debug|Any CPU
		{E881EDA0-02E7-43FB-9C86-8E6B657592D8}.Release|Any CPU.ActiveCfg = Release|Any CPU
		{E881EDA0-02E7-43FB-9C86-8E6B657592D8}.Release|Any CPU.Build.0 = Release|Any CPU
		{E9225297-28D1-4884-A518-A0818C10B743}.Debug|Any CPU.ActiveCfg = Debug|Any CPU
		{E9225297-28D1-4884-A518-A0818C10B743}.Debug|Any CPU.Build.0 = Debug|Any CPU
		{E9225297-28D1-4884-A518-A0818C10B743}.Release|Any CPU.ActiveCfg = Release|Any CPU
		{E9225297-28D1-4884-A518-A0818C10B743}.Release|Any CPU.Build.0 = Release|Any CPU
		{B2A60B7C-D70D-4C84-83F1-B1B092FAC753}.Debug|Any CPU.ActiveCfg = Debug|Any CPU
		{B2A60B7C-D70D-4C84-83F1-B1B092FAC753}.Debug|Any CPU.Build.0 = Debug|Any CPU
		{B2A60B7C-D70D-4C84-83F1-B1B092FAC753}.Release|Any CPU.ActiveCfg = Release|Any CPU
		{B2A60B7C-D70D-4C84-83F1-B1B092FAC753}.Release|Any CPU.Build.0 = Release|Any CPU
		{CA9D2816-4496-4763-91E1-1F7413C9A64C}.Debug|Any CPU.ActiveCfg = Debug|Any CPU
		{CA9D2816-4496-4763-91E1-1F7413C9A64C}.Debug|Any CPU.Build.0 = Debug|Any CPU
		{CA9D2816-4496-4763-91E1-1F7413C9A64C}.Release|Any CPU.ActiveCfg = Release|Any CPU
		{CA9D2816-4496-4763-91E1-1F7413C9A64C}.Release|Any CPU.Build.0 = Release|Any CPU
		{70F13B4D-7FF4-4E35-9C3E-03E3D7501D36}.Debug|Any CPU.ActiveCfg = Debug|Any CPU
		{70F13B4D-7FF4-4E35-9C3E-03E3D7501D36}.Debug|Any CPU.Build.0 = Debug|Any CPU
		{70F13B4D-7FF4-4E35-9C3E-03E3D7501D36}.Release|Any CPU.ActiveCfg = Release|Any CPU
		{70F13B4D-7FF4-4E35-9C3E-03E3D7501D36}.Release|Any CPU.Build.0 = Release|Any CPU
		{B8ACBF8F-A170-4137-B2FB-9B099686F6D3}.Debug|Any CPU.ActiveCfg = Debug|Any CPU
		{B8ACBF8F-A170-4137-B2FB-9B099686F6D3}.Debug|Any CPU.Build.0 = Debug|Any CPU
		{B8ACBF8F-A170-4137-B2FB-9B099686F6D3}.Release|Any CPU.ActiveCfg = Release|Any CPU
		{B8ACBF8F-A170-4137-B2FB-9B099686F6D3}.Release|Any CPU.Build.0 = Release|Any CPU
		{78D89182-BC38-4E0C-8A34-7B67F1739B12}.Debug|Any CPU.ActiveCfg = Debug|Any CPU
		{78D89182-BC38-4E0C-8A34-7B67F1739B12}.Debug|Any CPU.Build.0 = Debug|Any CPU
		{78D89182-BC38-4E0C-8A34-7B67F1739B12}.Release|Any CPU.ActiveCfg = Release|Any CPU
		{78D89182-BC38-4E0C-8A34-7B67F1739B12}.Release|Any CPU.Build.0 = Release|Any CPU
		{AC9C52AF-90EA-4407-8B77-FDFB7C984B49}.Debug|Any CPU.ActiveCfg = Debug|Any CPU
		{AC9C52AF-90EA-4407-8B77-FDFB7C984B49}.Debug|Any CPU.Build.0 = Debug|Any CPU
		{AC9C52AF-90EA-4407-8B77-FDFB7C984B49}.Release|Any CPU.ActiveCfg = Release|Any CPU
		{AC9C52AF-90EA-4407-8B77-FDFB7C984B49}.Release|Any CPU.Build.0 = Release|Any CPU
		{8B198134-E989-479B-88AB-A1EB39D11400}.Debug|Any CPU.ActiveCfg = Debug|Any CPU
		{8B198134-E989-479B-88AB-A1EB39D11400}.Debug|Any CPU.Build.0 = Debug|Any CPU
		{8B198134-E989-479B-88AB-A1EB39D11400}.Release|Any CPU.ActiveCfg = Release|Any CPU
		{8B198134-E989-479B-88AB-A1EB39D11400}.Release|Any CPU.Build.0 = Release|Any CPU
		{439677C4-24B8-4508-A89D-8612D64520EF}.Debug|Any CPU.ActiveCfg = Debug|Any CPU
		{439677C4-24B8-4508-A89D-8612D64520EF}.Debug|Any CPU.Build.0 = Debug|Any CPU
		{439677C4-24B8-4508-A89D-8612D64520EF}.Release|Any CPU.ActiveCfg = Release|Any CPU
		{439677C4-24B8-4508-A89D-8612D64520EF}.Release|Any CPU.Build.0 = Release|Any CPU
		{2AAD96A2-CDD5-4609-8032-929D0044BB58}.Debug|Any CPU.ActiveCfg = Debug|Any CPU
		{2AAD96A2-CDD5-4609-8032-929D0044BB58}.Debug|Any CPU.Build.0 = Debug|Any CPU
		{2AAD96A2-CDD5-4609-8032-929D0044BB58}.Release|Any CPU.ActiveCfg = Release|Any CPU
		{2AAD96A2-CDD5-4609-8032-929D0044BB58}.Release|Any CPU.Build.0 = Release|Any CPU
		{EA4474AD-AE4D-43CF-8889-74FDB6223726}.Debug|Any CPU.ActiveCfg = Debug|Any CPU
		{EA4474AD-AE4D-43CF-8889-74FDB6223726}.Debug|Any CPU.Build.0 = Debug|Any CPU
		{EA4474AD-AE4D-43CF-8889-74FDB6223726}.Release|Any CPU.ActiveCfg = Release|Any CPU
		{EA4474AD-AE4D-43CF-8889-74FDB6223726}.Release|Any CPU.Build.0 = Release|Any CPU
		{17073444-3E90-4BE8-8471-6E2A8AC4CD24}.Debug|Any CPU.ActiveCfg = Debug|Any CPU
		{17073444-3E90-4BE8-8471-6E2A8AC4CD24}.Debug|Any CPU.Build.0 = Debug|Any CPU
		{17073444-3E90-4BE8-8471-6E2A8AC4CD24}.Release|Any CPU.ActiveCfg = Release|Any CPU
		{17073444-3E90-4BE8-8471-6E2A8AC4CD24}.Release|Any CPU.Build.0 = Release|Any CPU
		{3DFF4888-CE4E-4C14-8A2F-7135770CCC27}.Debug|Any CPU.ActiveCfg = Debug|Any CPU
		{3DFF4888-CE4E-4C14-8A2F-7135770CCC27}.Debug|Any CPU.Build.0 = Debug|Any CPU
		{3DFF4888-CE4E-4C14-8A2F-7135770CCC27}.Release|Any CPU.ActiveCfg = Release|Any CPU
		{3DFF4888-CE4E-4C14-8A2F-7135770CCC27}.Release|Any CPU.Build.0 = Release|Any CPU
		{79A82DC6-33F8-408F-88BD-D51B8119B476}.Debug|Any CPU.ActiveCfg = Debug|Any CPU
		{79A82DC6-33F8-408F-88BD-D51B8119B476}.Debug|Any CPU.Build.0 = Debug|Any CPU
		{79A82DC6-33F8-408F-88BD-D51B8119B476}.Release|Any CPU.ActiveCfg = Release|Any CPU
		{79A82DC6-33F8-408F-88BD-D51B8119B476}.Release|Any CPU.Build.0 = Release|Any CPU
		{D74D4EC9-DA6A-455F-8DEA-0E5B19BC3C0B}.Debug|Any CPU.ActiveCfg = Debug|Any CPU
		{D74D4EC9-DA6A-455F-8DEA-0E5B19BC3C0B}.Debug|Any CPU.Build.0 = Debug|Any CPU
		{D74D4EC9-DA6A-455F-8DEA-0E5B19BC3C0B}.Release|Any CPU.ActiveCfg = Release|Any CPU
		{D74D4EC9-DA6A-455F-8DEA-0E5B19BC3C0B}.Release|Any CPU.Build.0 = Release|Any CPU
		{C302714A-4806-494C-ADE8-3B14C484CED7}.Debug|Any CPU.ActiveCfg = Debug|Any CPU
		{C302714A-4806-494C-ADE8-3B14C484CED7}.Debug|Any CPU.Build.0 = Debug|Any CPU
		{C302714A-4806-494C-ADE8-3B14C484CED7}.Release|Any CPU.ActiveCfg = Release|Any CPU
		{C302714A-4806-494C-ADE8-3B14C484CED7}.Release|Any CPU.Build.0 = Release|Any CPU
		{373B18F6-FC22-4EA1-90BE-FAFCA07A287D}.Debug|Any CPU.ActiveCfg = Debug|Any CPU
		{373B18F6-FC22-4EA1-90BE-FAFCA07A287D}.Debug|Any CPU.Build.0 = Debug|Any CPU
		{373B18F6-FC22-4EA1-90BE-FAFCA07A287D}.Release|Any CPU.ActiveCfg = Release|Any CPU
		{373B18F6-FC22-4EA1-90BE-FAFCA07A287D}.Release|Any CPU.Build.0 = Release|Any CPU
		{AC12B8FB-BD74-4DF4-A3F3-1BE7B246E9FF}.Debug|Any CPU.ActiveCfg = Debug|Any CPU
		{AC12B8FB-BD74-4DF4-A3F3-1BE7B246E9FF}.Debug|Any CPU.Build.0 = Debug|Any CPU
		{AC12B8FB-BD74-4DF4-A3F3-1BE7B246E9FF}.Release|Any CPU.ActiveCfg = Release|Any CPU
		{AC12B8FB-BD74-4DF4-A3F3-1BE7B246E9FF}.Release|Any CPU.Build.0 = Release|Any CPU
		{4156ED0B-7282-4C7A-A8CA-ACE4205966D8}.Debug|Any CPU.ActiveCfg = Debug|Any CPU
		{4156ED0B-7282-4C7A-A8CA-ACE4205966D8}.Debug|Any CPU.Build.0 = Debug|Any CPU
		{4156ED0B-7282-4C7A-A8CA-ACE4205966D8}.Release|Any CPU.ActiveCfg = Release|Any CPU
		{4156ED0B-7282-4C7A-A8CA-ACE4205966D8}.Release|Any CPU.Build.0 = Release|Any CPU
		{C7B1E50D-36E7-424C-B8B3-48CD2B67493E}.Debug|Any CPU.ActiveCfg = Debug|Any CPU
		{C7B1E50D-36E7-424C-B8B3-48CD2B67493E}.Debug|Any CPU.Build.0 = Debug|Any CPU
		{C7B1E50D-36E7-424C-B8B3-48CD2B67493E}.Release|Any CPU.ActiveCfg = Release|Any CPU
		{C7B1E50D-36E7-424C-B8B3-48CD2B67493E}.Release|Any CPU.Build.0 = Release|Any CPU
		{52170126-801C-43C4-A2BE-D015D41BB54A}.Debug|Any CPU.ActiveCfg = Debug|Any CPU
		{52170126-801C-43C4-A2BE-D015D41BB54A}.Debug|Any CPU.Build.0 = Debug|Any CPU
		{52170126-801C-43C4-A2BE-D015D41BB54A}.Release|Any CPU.ActiveCfg = Release|Any CPU
		{52170126-801C-43C4-A2BE-D015D41BB54A}.Release|Any CPU.Build.0 = Release|Any CPU
		{7840893F-6FC3-476C-867C-8FBBE7FCF402}.Debug|Any CPU.ActiveCfg = Debug|Any CPU
		{7840893F-6FC3-476C-867C-8FBBE7FCF402}.Debug|Any CPU.Build.0 = Debug|Any CPU
		{7840893F-6FC3-476C-867C-8FBBE7FCF402}.Release|Any CPU.ActiveCfg = Release|Any CPU
		{7840893F-6FC3-476C-867C-8FBBE7FCF402}.Release|Any CPU.Build.0 = Release|Any CPU
		{1DF00A48-C091-48B1-8B13-00C0C08EECCC}.Debug|Any CPU.ActiveCfg = Debug|Any CPU
		{1DF00A48-C091-48B1-8B13-00C0C08EECCC}.Debug|Any CPU.Build.0 = Debug|Any CPU
		{1DF00A48-C091-48B1-8B13-00C0C08EECCC}.Release|Any CPU.ActiveCfg = Release|Any CPU
		{1DF00A48-C091-48B1-8B13-00C0C08EECCC}.Release|Any CPU.Build.0 = Release|Any CPU
		{32BEBEA7-F28C-41A6-B13D-E7449592DF7B}.Debug|Any CPU.ActiveCfg = Debug|Any CPU
		{32BEBEA7-F28C-41A6-B13D-E7449592DF7B}.Debug|Any CPU.Build.0 = Debug|Any CPU
		{32BEBEA7-F28C-41A6-B13D-E7449592DF7B}.Release|Any CPU.ActiveCfg = Release|Any CPU
		{32BEBEA7-F28C-41A6-B13D-E7449592DF7B}.Release|Any CPU.Build.0 = Release|Any CPU
		{10EFD24A-EFF1-403C-A1FF-E001EF3EDABF}.Debug|Any CPU.ActiveCfg = Debug|Any CPU
		{10EFD24A-EFF1-403C-A1FF-E001EF3EDABF}.Debug|Any CPU.Build.0 = Debug|Any CPU
		{10EFD24A-EFF1-403C-A1FF-E001EF3EDABF}.Release|Any CPU.ActiveCfg = Release|Any CPU
		{10EFD24A-EFF1-403C-A1FF-E001EF3EDABF}.Release|Any CPU.Build.0 = Release|Any CPU
		{D562E194-E686-46CD-A478-CD3171781220}.Debug|Any CPU.ActiveCfg = Debug|Any CPU
		{D562E194-E686-46CD-A478-CD3171781220}.Debug|Any CPU.Build.0 = Debug|Any CPU
		{D562E194-E686-46CD-A478-CD3171781220}.Release|Any CPU.ActiveCfg = Release|Any CPU
		{D562E194-E686-46CD-A478-CD3171781220}.Release|Any CPU.Build.0 = Release|Any CPU
		{200E6B77-27FC-400C-B7F2-28DCE12A9DFC}.Debug|Any CPU.ActiveCfg = Debug|Any CPU
		{200E6B77-27FC-400C-B7F2-28DCE12A9DFC}.Debug|Any CPU.Build.0 = Debug|Any CPU
		{200E6B77-27FC-400C-B7F2-28DCE12A9DFC}.Release|Any CPU.ActiveCfg = Release|Any CPU
		{200E6B77-27FC-400C-B7F2-28DCE12A9DFC}.Release|Any CPU.Build.0 = Release|Any CPU
		{3BDB92D8-CE54-4926-869F-C0C30F928ED7}.Debug|Any CPU.ActiveCfg = Debug|Any CPU
		{3BDB92D8-CE54-4926-869F-C0C30F928ED7}.Debug|Any CPU.Build.0 = Debug|Any CPU
		{3BDB92D8-CE54-4926-869F-C0C30F928ED7}.Release|Any CPU.ActiveCfg = Release|Any CPU
		{3BDB92D8-CE54-4926-869F-C0C30F928ED7}.Release|Any CPU.Build.0 = Release|Any CPU
		{FEDA836B-01BA-4FD7-96F8-C0AA62A9EEBD}.Debug|Any CPU.ActiveCfg = Debug|Any CPU
		{FEDA836B-01BA-4FD7-96F8-C0AA62A9EEBD}.Debug|Any CPU.Build.0 = Debug|Any CPU
		{FEDA836B-01BA-4FD7-96F8-C0AA62A9EEBD}.Release|Any CPU.ActiveCfg = Release|Any CPU
		{FEDA836B-01BA-4FD7-96F8-C0AA62A9EEBD}.Release|Any CPU.Build.0 = Release|Any CPU
		{F46845D2-C9FA-438B-8BDE-BA4BB13A677E}.Debug|Any CPU.ActiveCfg = Debug|Any CPU
		{F46845D2-C9FA-438B-8BDE-BA4BB13A677E}.Debug|Any CPU.Build.0 = Debug|Any CPU
		{F46845D2-C9FA-438B-8BDE-BA4BB13A677E}.Release|Any CPU.ActiveCfg = Release|Any CPU
		{F46845D2-C9FA-438B-8BDE-BA4BB13A677E}.Release|Any CPU.Build.0 = Release|Any CPU
		{4DA9ADAC-EE5F-4241-8C14-CCC7965943AB}.Debug|Any CPU.ActiveCfg = Debug|Any CPU
		{4DA9ADAC-EE5F-4241-8C14-CCC7965943AB}.Debug|Any CPU.Build.0 = Debug|Any CPU
		{4DA9ADAC-EE5F-4241-8C14-CCC7965943AB}.Release|Any CPU.ActiveCfg = Release|Any CPU
		{4DA9ADAC-EE5F-4241-8C14-CCC7965943AB}.Release|Any CPU.Build.0 = Release|Any CPU
		{123ED767-13A8-4390-97BB-96E2BE4DD49F}.Debug|Any CPU.ActiveCfg = Debug|Any CPU
		{123ED767-13A8-4390-97BB-96E2BE4DD49F}.Debug|Any CPU.Build.0 = Debug|Any CPU
		{123ED767-13A8-4390-97BB-96E2BE4DD49F}.Release|Any CPU.ActiveCfg = Release|Any CPU
		{123ED767-13A8-4390-97BB-96E2BE4DD49F}.Release|Any CPU.Build.0 = Release|Any CPU
		{16E96393-1E97-4A9D-8EEE-DF838794018F}.Debug|Any CPU.ActiveCfg = Debug|Any CPU
		{16E96393-1E97-4A9D-8EEE-DF838794018F}.Debug|Any CPU.Build.0 = Debug|Any CPU
		{16E96393-1E97-4A9D-8EEE-DF838794018F}.Release|Any CPU.ActiveCfg = Release|Any CPU
		{16E96393-1E97-4A9D-8EEE-DF838794018F}.Release|Any CPU.Build.0 = Release|Any CPU
		{E5A14D30-5E8C-4605-8B33-EBAD09174AE2}.Debug|Any CPU.ActiveCfg = Debug|Any CPU
		{E5A14D30-5E8C-4605-8B33-EBAD09174AE2}.Debug|Any CPU.Build.0 = Debug|Any CPU
		{E5A14D30-5E8C-4605-8B33-EBAD09174AE2}.Release|Any CPU.ActiveCfg = Release|Any CPU
		{E5A14D30-5E8C-4605-8B33-EBAD09174AE2}.Release|Any CPU.Build.0 = Release|Any CPU
		{F2BC91B9-ED1E-4F62-A586-EC049343A1B1}.Debug|Any CPU.ActiveCfg = Debug|Any CPU
		{F2BC91B9-ED1E-4F62-A586-EC049343A1B1}.Debug|Any CPU.Build.0 = Debug|Any CPU
		{F2BC91B9-ED1E-4F62-A586-EC049343A1B1}.Release|Any CPU.ActiveCfg = Release|Any CPU
		{F2BC91B9-ED1E-4F62-A586-EC049343A1B1}.Release|Any CPU.Build.0 = Release|Any CPU
		{58F4AF3D-A7AA-4E00-A9EC-204B1D9BB6DF}.Debug|Any CPU.ActiveCfg = Debug|Any CPU
		{58F4AF3D-A7AA-4E00-A9EC-204B1D9BB6DF}.Debug|Any CPU.Build.0 = Debug|Any CPU
		{58F4AF3D-A7AA-4E00-A9EC-204B1D9BB6DF}.Release|Any CPU.ActiveCfg = Release|Any CPU
		{58F4AF3D-A7AA-4E00-A9EC-204B1D9BB6DF}.Release|Any CPU.Build.0 = Release|Any CPU
		{114AD9F4-6A7D-420C-A6A6-5F01F1CCD534}.Debug|Any CPU.ActiveCfg = Debug|Any CPU
		{114AD9F4-6A7D-420C-A6A6-5F01F1CCD534}.Debug|Any CPU.Build.0 = Debug|Any CPU
		{114AD9F4-6A7D-420C-A6A6-5F01F1CCD534}.Release|Any CPU.ActiveCfg = Release|Any CPU
		{114AD9F4-6A7D-420C-A6A6-5F01F1CCD534}.Release|Any CPU.Build.0 = Release|Any CPU
		{B8BE1893-355E-4FAB-A16E-9A1C73BE0B3E}.Debug|Any CPU.ActiveCfg = Debug|Any CPU
		{B8BE1893-355E-4FAB-A16E-9A1C73BE0B3E}.Debug|Any CPU.Build.0 = Debug|Any CPU
		{B8BE1893-355E-4FAB-A16E-9A1C73BE0B3E}.Release|Any CPU.ActiveCfg = Release|Any CPU
		{B8BE1893-355E-4FAB-A16E-9A1C73BE0B3E}.Release|Any CPU.Build.0 = Release|Any CPU
		{52437234-8B3D-42B1-8654-5485313AF0DE}.Debug|Any CPU.ActiveCfg = Debug|Any CPU
		{52437234-8B3D-42B1-8654-5485313AF0DE}.Debug|Any CPU.Build.0 = Debug|Any CPU
		{52437234-8B3D-42B1-8654-5485313AF0DE}.Release|Any CPU.ActiveCfg = Release|Any CPU
		{52437234-8B3D-42B1-8654-5485313AF0DE}.Release|Any CPU.Build.0 = Release|Any CPU
		{552B483F-49FD-4D01-8471-7C826A2B63DF}.Debug|Any CPU.ActiveCfg = Debug|Any CPU
		{552B483F-49FD-4D01-8471-7C826A2B63DF}.Debug|Any CPU.Build.0 = Debug|Any CPU
		{552B483F-49FD-4D01-8471-7C826A2B63DF}.Release|Any CPU.ActiveCfg = Release|Any CPU
		{552B483F-49FD-4D01-8471-7C826A2B63DF}.Release|Any CPU.Build.0 = Release|Any CPU
		{0D9815DA-20DC-4B44-B879-FDE5DD45835F}.Debug|Any CPU.ActiveCfg = Debug|Any CPU
		{0D9815DA-20DC-4B44-B879-FDE5DD45835F}.Debug|Any CPU.Build.0 = Debug|Any CPU
		{0D9815DA-20DC-4B44-B879-FDE5DD45835F}.Release|Any CPU.ActiveCfg = Release|Any CPU
		{0D9815DA-20DC-4B44-B879-FDE5DD45835F}.Release|Any CPU.Build.0 = Release|Any CPU
		{0366E1A5-3764-4FE7-977D-4C989D9437AE}.Debug|Any CPU.ActiveCfg = Debug|Any CPU
		{0366E1A5-3764-4FE7-977D-4C989D9437AE}.Debug|Any CPU.Build.0 = Debug|Any CPU
		{0366E1A5-3764-4FE7-977D-4C989D9437AE}.Release|Any CPU.ActiveCfg = Release|Any CPU
		{0366E1A5-3764-4FE7-977D-4C989D9437AE}.Release|Any CPU.Build.0 = Release|Any CPU
		{81B8E071-C6EA-4037-A5FC-BB41A25756C4}.Debug|Any CPU.ActiveCfg = Debug|Any CPU
		{81B8E071-C6EA-4037-A5FC-BB41A25756C4}.Debug|Any CPU.Build.0 = Debug|Any CPU
		{81B8E071-C6EA-4037-A5FC-BB41A25756C4}.Release|Any CPU.ActiveCfg = Release|Any CPU
		{81B8E071-C6EA-4037-A5FC-BB41A25756C4}.Release|Any CPU.Build.0 = Release|Any CPU
		{5F126E37-C28A-4640-B0C5-AF5BD90A2232}.Debug|Any CPU.ActiveCfg = Debug|Any CPU
		{5F126E37-C28A-4640-B0C5-AF5BD90A2232}.Debug|Any CPU.Build.0 = Debug|Any CPU
		{5F126E37-C28A-4640-B0C5-AF5BD90A2232}.Release|Any CPU.ActiveCfg = Release|Any CPU
		{5F126E37-C28A-4640-B0C5-AF5BD90A2232}.Release|Any CPU.Build.0 = Release|Any CPU
		{2003F5C0-9D70-420B-8036-D326C9716068}.Debug|Any CPU.ActiveCfg = Debug|Any CPU
		{2003F5C0-9D70-420B-8036-D326C9716068}.Debug|Any CPU.Build.0 = Debug|Any CPU
		{2003F5C0-9D70-420B-8036-D326C9716068}.Release|Any CPU.ActiveCfg = Release|Any CPU
		{2003F5C0-9D70-420B-8036-D326C9716068}.Release|Any CPU.Build.0 = Release|Any CPU
		{383F3F8C-F4CD-41D4-B9B4-98C3E6ED39B3}.Debug|Any CPU.ActiveCfg = Debug|Any CPU
		{383F3F8C-F4CD-41D4-B9B4-98C3E6ED39B3}.Debug|Any CPU.Build.0 = Debug|Any CPU
		{383F3F8C-F4CD-41D4-B9B4-98C3E6ED39B3}.Release|Any CPU.ActiveCfg = Release|Any CPU
		{383F3F8C-F4CD-41D4-B9B4-98C3E6ED39B3}.Release|Any CPU.Build.0 = Release|Any CPU
		{BA19F8DF-6D30-4F38-80C2-59B7F060199A}.Debug|Any CPU.ActiveCfg = Debug|Any CPU
		{BA19F8DF-6D30-4F38-80C2-59B7F060199A}.Debug|Any CPU.Build.0 = Debug|Any CPU
		{BA19F8DF-6D30-4F38-80C2-59B7F060199A}.Release|Any CPU.ActiveCfg = Release|Any CPU
		{BA19F8DF-6D30-4F38-80C2-59B7F060199A}.Release|Any CPU.Build.0 = Release|Any CPU
		{F4B5C3C2-01AB-4BF9-AEA1-14AD448F3779}.Debug|Any CPU.ActiveCfg = Debug|Any CPU
		{F4B5C3C2-01AB-4BF9-AEA1-14AD448F3779}.Debug|Any CPU.Build.0 = Debug|Any CPU
		{F4B5C3C2-01AB-4BF9-AEA1-14AD448F3779}.Release|Any CPU.ActiveCfg = Release|Any CPU
		{F4B5C3C2-01AB-4BF9-AEA1-14AD448F3779}.Release|Any CPU.Build.0 = Release|Any CPU
	EndGlobalSection
	GlobalSection(SolutionProperties) = preSolution
		HideSolutionNode = FALSE
	EndGlobalSection
EndGlobal
