
Microsoft Visual Studio Solution File, Format Version 12.00
# Visual Studio 2012
Project("{FAE04EC0-301F-11D3-BF4B-00C04F79EFBC}") = "01.DeclareVariables", "DeclareVariables\01.DeclareVariables.csproj", "{DD1CE500-C46D-47B4-AD7A-4CA92431FC3A}"
EndProject
Project("{FAE04EC0-301F-11D3-BF4B-00C04F79EFBC}") = "02.FloatOrDouble", "FloatOrDouble\02.FloatOrDouble.csproj", "{5AD54309-07A9-419A-B65B-6DFF2A3E8779}"
EndProject
Project("{FAE04EC0-301F-11D3-BF4B-00C04F79EFBC}") = "03.VariableInHexadecimalFormat", "VariableInHexadecimalFormat\03.VariableInHexadecimalFormat.csproj", "{3862ADB1-DB68-43EE-8D9A-E66C38C21064}"
EndProject
Project("{FAE04EC0-301F-11D3-BF4B-00C04F79EFBC}") = "04.UnicodeCharacter", "UnicodeCharacter\04.UnicodeCharacter.csproj", "{908CC9C6-C67B-4FCE-9A9F-3D7E9B7E398C}"
EndProject
Project("{FAE04EC0-301F-11D3-BF4B-00C04F79EFBC}") = "05.BooleanVariable", "BooleanVariable\05.BooleanVariable.csproj", "{AAAC98D7-4D1C-4A15-B7CD-F81B9ACB9379}"
EndProject
Project("{FAE04EC0-301F-11D3-BF4B-00C04F79EFBC}") = "06.StringsAndObjects", "StringsAndObjects\06.StringsAndObjects.csproj", "{80AFB9D5-C671-4C28-86A3-134D38F1F475}"
EndProject
Project("{FAE04EC0-301F-11D3-BF4B-00C04F79EFBC}") = "07.QuotesInStrings", "QuotesInStrings\07.QuotesInStrings.csproj", "{136F9C4E-0491-4458-B617-1F1D0A4D65FB}"
EndProject
Project("{FAE04EC0-301F-11D3-BF4B-00C04F79EFBC}") = "08.IsoscelesTriangle", "IsoscelesTriangle\08.IsoscelesTriangle.csproj", "{F2D955A3-D3E5-4B04-BC14-1FA091088DB0}"
EndProject
Project("{FAE04EC0-301F-11D3-BF4B-00C04F79EFBC}") = "09.ExchangeVariableValues", "ExchangeVariableValues\09.ExchangeVariableValues.csproj", "{BA339A9A-B5E2-45AA-98D7-CB29541B566A}"
EndProject
Project("{FAE04EC0-301F-11D3-BF4B-00C04F79EFBC}") = "10.EmployeeData", "EmployeeData\10.EmployeeData.csproj", "{DD02E7D4-A77A-4778-87DE-75A32DD0F87E}"
EndProject
Project("{FAE04EC0-301F-11D3-BF4B-00C04F79EFBC}") = "11.BankAccountData", "BankAccountData\11.BankAccountData.csproj", "{A012234F-CF6D-4E28-8D44-C55ECA49BB05}"
EndProject
Project("{FAE04EC0-301F-11D3-BF4B-00C04F79EFBC}") = "14.PrintTheASCIITable", "PrintTheASCIITable\14.PrintTheASCIITable.csproj", "{A6AF82C3-2B2B-46CF-AD8A-2CC0931EF18C}"
EndProject
Project("{FAE04EC0-301F-11D3-BF4B-00C04F79EFBC}") = "12.NullValuesArithmetic", "NullValuesArithmetic\12.NullValuesArithmetic.csproj", "{E35A7E01-2A04-4C28-9A6D-D3CF456AFB45}"
EndProject
Project("{FAE04EC0-301F-11D3-BF4B-00C04F79EFBC}") = "13.ComparingFloats", "ComparingFloats\13.ComparingFloats.csproj", "{C2AAC9B1-AE94-4C03-B5DD-5106F6963626}"
EndProject
Global
	GlobalSection(SolutionConfigurationPlatforms) = preSolution
		Debug|Any CPU = Debug|Any CPU
		Release|Any CPU = Release|Any CPU
	EndGlobalSection
	GlobalSection(ProjectConfigurationPlatforms) = postSolution
		{DD1CE500-C46D-47B4-AD7A-4CA92431FC3A}.Debug|Any CPU.ActiveCfg = Debug|Any CPU
		{DD1CE500-C46D-47B4-AD7A-4CA92431FC3A}.Debug|Any CPU.Build.0 = Debug|Any CPU
		{DD1CE500-C46D-47B4-AD7A-4CA92431FC3A}.Release|Any CPU.ActiveCfg = Release|Any CPU
		{DD1CE500-C46D-47B4-AD7A-4CA92431FC3A}.Release|Any CPU.Build.0 = Release|Any CPU
		{5AD54309-07A9-419A-B65B-6DFF2A3E8779}.Debug|Any CPU.ActiveCfg = Debug|Any CPU
		{5AD54309-07A9-419A-B65B-6DFF2A3E8779}.Debug|Any CPU.Build.0 = Debug|Any CPU
		{5AD54309-07A9-419A-B65B-6DFF2A3E8779}.Release|Any CPU.ActiveCfg = Release|Any CPU
		{5AD54309-07A9-419A-B65B-6DFF2A3E8779}.Release|Any CPU.Build.0 = Release|Any CPU
		{3862ADB1-DB68-43EE-8D9A-E66C38C21064}.Debug|Any CPU.ActiveCfg = Debug|Any CPU
		{3862ADB1-DB68-43EE-8D9A-E66C38C21064}.Debug|Any CPU.Build.0 = Debug|Any CPU
		{3862ADB1-DB68-43EE-8D9A-E66C38C21064}.Release|Any CPU.ActiveCfg = Release|Any CPU
		{3862ADB1-DB68-43EE-8D9A-E66C38C21064}.Release|Any CPU.Build.0 = Release|Any CPU
		{908CC9C6-C67B-4FCE-9A9F-3D7E9B7E398C}.Debug|Any CPU.ActiveCfg = Debug|Any CPU
		{908CC9C6-C67B-4FCE-9A9F-3D7E9B7E398C}.Debug|Any CPU.Build.0 = Debug|Any CPU
		{908CC9C6-C67B-4FCE-9A9F-3D7E9B7E398C}.Release|Any CPU.ActiveCfg = Release|Any CPU
		{908CC9C6-C67B-4FCE-9A9F-3D7E9B7E398C}.Release|Any CPU.Build.0 = Release|Any CPU
		{AAAC98D7-4D1C-4A15-B7CD-F81B9ACB9379}.Debug|Any CPU.ActiveCfg = Debug|Any CPU
		{AAAC98D7-4D1C-4A15-B7CD-F81B9ACB9379}.Debug|Any CPU.Build.0 = Debug|Any CPU
		{AAAC98D7-4D1C-4A15-B7CD-F81B9ACB9379}.Release|Any CPU.ActiveCfg = Release|Any CPU
		{AAAC98D7-4D1C-4A15-B7CD-F81B9ACB9379}.Release|Any CPU.Build.0 = Release|Any CPU
		{80AFB9D5-C671-4C28-86A3-134D38F1F475}.Debug|Any CPU.ActiveCfg = Debug|Any CPU
		{80AFB9D5-C671-4C28-86A3-134D38F1F475}.Debug|Any CPU.Build.0 = Debug|Any CPU
		{80AFB9D5-C671-4C28-86A3-134D38F1F475}.Release|Any CPU.ActiveCfg = Release|Any CPU
		{80AFB9D5-C671-4C28-86A3-134D38F1F475}.Release|Any CPU.Build.0 = Release|Any CPU
		{136F9C4E-0491-4458-B617-1F1D0A4D65FB}.Debug|Any CPU.ActiveCfg = Debug|Any CPU
		{136F9C4E-0491-4458-B617-1F1D0A4D65FB}.Debug|Any CPU.Build.0 = Debug|Any CPU
		{136F9C4E-0491-4458-B617-1F1D0A4D65FB}.Release|Any CPU.ActiveCfg = Release|Any CPU
		{136F9C4E-0491-4458-B617-1F1D0A4D65FB}.Release|Any CPU.Build.0 = Release|Any CPU
		{F2D955A3-D3E5-4B04-BC14-1FA091088DB0}.Debug|Any CPU.ActiveCfg = Debug|Any CPU
		{F2D955A3-D3E5-4B04-BC14-1FA091088DB0}.Debug|Any CPU.Build.0 = Debug|Any CPU
		{F2D955A3-D3E5-4B04-BC14-1FA091088DB0}.Release|Any CPU.ActiveCfg = Release|Any CPU
		{F2D955A3-D3E5-4B04-BC14-1FA091088DB0}.Release|Any CPU.Build.0 = Release|Any CPU
		{BA339A9A-B5E2-45AA-98D7-CB29541B566A}.Debug|Any CPU.ActiveCfg = Debug|Any CPU
		{BA339A9A-B5E2-45AA-98D7-CB29541B566A}.Debug|Any CPU.Build.0 = Debug|Any CPU
		{BA339A9A-B5E2-45AA-98D7-CB29541B566A}.Release|Any CPU.ActiveCfg = Release|Any CPU
		{BA339A9A-B5E2-45AA-98D7-CB29541B566A}.Release|Any CPU.Build.0 = Release|Any CPU
		{DD02E7D4-A77A-4778-87DE-75A32DD0F87E}.Debug|Any CPU.ActiveCfg = Debug|Any CPU
		{DD02E7D4-A77A-4778-87DE-75A32DD0F87E}.Debug|Any CPU.Build.0 = Debug|Any CPU
		{DD02E7D4-A77A-4778-87DE-75A32DD0F87E}.Release|Any CPU.ActiveCfg = Release|Any CPU
		{DD02E7D4-A77A-4778-87DE-75A32DD0F87E}.Release|Any CPU.Build.0 = Release|Any CPU
		{A012234F-CF6D-4E28-8D44-C55ECA49BB05}.Debug|Any CPU.ActiveCfg = Debug|Any CPU
		{A012234F-CF6D-4E28-8D44-C55ECA49BB05}.Debug|Any CPU.Build.0 = Debug|Any CPU
		{A012234F-CF6D-4E28-8D44-C55ECA49BB05}.Release|Any CPU.ActiveCfg = Release|Any CPU
		{A012234F-CF6D-4E28-8D44-C55ECA49BB05}.Release|Any CPU.Build.0 = Release|Any CPU
		{A6AF82C3-2B2B-46CF-AD8A-2CC0931EF18C}.Debug|Any CPU.ActiveCfg = Debug|Any CPU
		{A6AF82C3-2B2B-46CF-AD8A-2CC0931EF18C}.Debug|Any CPU.Build.0 = Debug|Any CPU
		{A6AF82C3-2B2B-46CF-AD8A-2CC0931EF18C}.Release|Any CPU.ActiveCfg = Release|Any CPU
		{A6AF82C3-2B2B-46CF-AD8A-2CC0931EF18C}.Release|Any CPU.Build.0 = Release|Any CPU
		{E35A7E01-2A04-4C28-9A6D-D3CF456AFB45}.Debug|Any CPU.ActiveCfg = Debug|Any CPU
		{E35A7E01-2A04-4C28-9A6D-D3CF456AFB45}.Debug|Any CPU.Build.0 = Debug|Any CPU
		{E35A7E01-2A04-4C28-9A6D-D3CF456AFB45}.Release|Any CPU.ActiveCfg = Release|Any CPU
		{E35A7E01-2A04-4C28-9A6D-D3CF456AFB45}.Release|Any CPU.Build.0 = Release|Any CPU
		{C2AAC9B1-AE94-4C03-B5DD-5106F6963626}.Debug|Any CPU.ActiveCfg = Debug|Any CPU
		{C2AAC9B1-AE94-4C03-B5DD-5106F6963626}.Debug|Any CPU.Build.0 = Debug|Any CPU
		{C2AAC9B1-AE94-4C03-B5DD-5106F6963626}.Release|Any CPU.ActiveCfg = Release|Any CPU
		{C2AAC9B1-AE94-4C03-B5DD-5106F6963626}.Release|Any CPU.Build.0 = Release|Any CPU
	EndGlobalSection
	GlobalSection(SolutionProperties) = preSolution
		HideSolutionNode = FALSE
	EndGlobalSection
EndGlobal
